
Microsoft Visual Studio Solution File, Format Version 12.00
# Visual Studio Version 16
VisualStudioVersion = 16.0.29728.190
MinimumVisualStudioVersion = 10.0.40219.1
Project("{FAE04EC0-301F-11D3-BF4B-00C04F79EFBC}") = "nomovi.admin", "nomovi.admin\nomovi.admin.csproj", "{E490E16B-04D5-4ABB-9628-CBD51A7B6DD8}"
EndProject
Global
	GlobalSection(SolutionConfigurationPlatforms) = preSolution
		Debug|Any CPU = Debug|Any CPU
		Release|Any CPU = Release|Any CPU
	EndGlobalSection
	GlobalSection(ProjectConfigurationPlatforms) = postSolution
		{E490E16B-04D5-4ABB-9628-CBD51A7B6DD8}.Debug|Any CPU.ActiveCfg = Debug|Any CPU
		{E490E16B-04D5-4ABB-9628-CBD51A7B6DD8}.Debug|Any CPU.Build.0 = Debug|Any CPU
		{E490E16B-04D5-4ABB-9628-CBD51A7B6DD8}.Release|Any CPU.ActiveCfg = Release|Any CPU
		{E490E16B-04D5-4ABB-9628-CBD51A7B6DD8}.Release|Any CPU.Build.0 = Release|Any CPU
	EndGlobalSection
	GlobalSection(SolutionProperties) = preSolution
		HideSolutionNode = FALSE
	EndGlobalSection
	GlobalSection(ExtensibilityGlobals) = postSolution
		SolutionGuid = {96A69CBD-44FE-4D3E-9CFA-FC142305EFCA}
	EndGlobalSection
EndGlobal
